
Microsoft Visual Studio Solution File, Format Version 12.00
# Visual Studio Version 16
VisualStudioVersion = 25.0.1704.2
MinimumVisualStudioVersion = 10.0.40219.1
Project("{FAE04EC0-301F-11D3-BF4B-00C04F79EFBC}") = "Records", "Records\Records.csproj", "{5D5322A3-67A7-4F74-8C01-ECFEEAD9A7FB}"
EndProject
Global
	GlobalSection(SolutionConfigurationPlatforms) = preSolution
		Debug|Any CPU = Debug|Any CPU
		Release|Any CPU = Release|Any CPU
	EndGlobalSection
	GlobalSection(ProjectConfigurationPlatforms) = postSolution
		{5D5322A3-67A7-4F74-8C01-ECFEEAD9A7FB}.Debug|Any CPU.ActiveCfg = Debug|Any CPU
		{5D5322A3-67A7-4F74-8C01-ECFEEAD9A7FB}.Debug|Any CPU.Build.0 = Debug|Any CPU
		{5D5322A3-67A7-4F74-8C01-ECFEEAD9A7FB}.Release|Any CPU.ActiveCfg = Release|Any CPU
		{5D5322A3-67A7-4F74-8C01-ECFEEAD9A7FB}.Release|Any CPU.Build.0 = Release|Any CPU
	EndGlobalSection
	GlobalSection(SolutionProperties) = preSolution
		HideSolutionNode = FALSE
	EndGlobalSection
	GlobalSection(ExtensibilityGlobals) = postSolution
		SolutionGuid = {E71288C4-A99D-4040-87C5-D051319F6F0D}
	EndGlobalSection
EndGlobal
